
Microsoft Visual Studio Solution File, Format Version 12.00
# Visual Studio Version 17
VisualStudioVersion = 17.7.34024.191
MinimumVisualStudioVersion = 10.0.40219.1
Project("{9A19103F-16F7-4668-BE54-9A1E7A4F7556}") = "GymPlanApi", "GymPlanApi\GymPlanApi.csproj", "{B4E8FD0D-BFCF-4D6F-9F9B-17A8A5174D00}"
EndProject
Project("{FAE04EC0-301F-11D3-BF4B-00C04F79EFBC}") = "GymUserApi", "GymUserApi\GymUserApi.csproj", "{8BC7413C-0FD8-41BE-8A6D-B69580398C07}"
EndProject
Global
	GlobalSection(SolutionConfigurationPlatforms) = preSolution
		Debug|Any CPU = Debug|Any CPU
		Release|Any CPU = Release|Any CPU
	EndGlobalSection
	GlobalSection(ProjectConfigurationPlatforms) = postSolution
		{B4E8FD0D-BFCF-4D6F-9F9B-17A8A5174D00}.Debug|Any CPU.ActiveCfg = Debug|Any CPU
		{B4E8FD0D-BFCF-4D6F-9F9B-17A8A5174D00}.Debug|Any CPU.Build.0 = Debug|Any CPU
		{B4E8FD0D-BFCF-4D6F-9F9B-17A8A5174D00}.Release|Any CPU.ActiveCfg = Release|Any CPU
		{B4E8FD0D-BFCF-4D6F-9F9B-17A8A5174D00}.Release|Any CPU.Build.0 = Release|Any CPU
		{8BC7413C-0FD8-41BE-8A6D-B69580398C07}.Debug|Any CPU.ActiveCfg = Debug|Any CPU
		{8BC7413C-0FD8-41BE-8A6D-B69580398C07}.Debug|Any CPU.Build.0 = Debug|Any CPU
		{8BC7413C-0FD8-41BE-8A6D-B69580398C07}.Release|Any CPU.ActiveCfg = Release|Any CPU
		{8BC7413C-0FD8-41BE-8A6D-B69580398C07}.Release|Any CPU.Build.0 = Release|Any CPU
	EndGlobalSection
	GlobalSection(SolutionProperties) = preSolution
		HideSolutionNode = FALSE
	EndGlobalSection
	GlobalSection(ExtensibilityGlobals) = postSolution
		SolutionGuid = {65BFAFCA-7C6D-409B-B715-DA1B7A120DEA}
	EndGlobalSection
EndGlobal
