
Microsoft Visual Studio Solution File, Format Version 12.00
# Visual Studio Version 17
VisualStudioVersion = 17.7.34024.191
MinimumVisualStudioVersion = 10.0.40219.1
Project("{FAE04EC0-301F-11D3-BF4B-00C04F79EFBC}") = "GymApi", "GymApi\GymApi.csproj", "{8BC7413C-0FD8-41BE-8A6D-B69580398C07}"
EndProject
Project("{FAE04EC0-301F-11D3-BF4B-00C04F79EFBC}") = "GymApi.Data", "GymApi.Data\GymApi.Data.csproj", "{F6485FF7-07CE-4326-84AF-9447141C7E46}"
EndProject
Project("{FAE04EC0-301F-11D3-BF4B-00C04F79EFBC}") = "GymApi.Presentation", "GymApi.Presentation\GymApi.Presentation.csproj", "{5E950928-BC14-4B31-89F7-CB23DAF5EA47}"
EndProject
Project("{FAE04EC0-301F-11D3-BF4B-00C04F79EFBC}") = "GymApi.Domain", "GymApi.Domain\GymApi.Domain.csproj", "{E136C5BA-14DB-4148-80B6-61500A97066C}"
EndProject
Project("{FAE04EC0-301F-11D3-BF4B-00C04F79EFBC}") = "GymApi.UseCases", "GymApi.UseCases\GymApi.UseCases.csproj", "{224A87E3-0160-4A7F-B419-6293FF7513F3}"
EndProject
Global
	GlobalSection(SolutionConfigurationPlatforms) = preSolution
		Debug|Any CPU = Debug|Any CPU
		Release|Any CPU = Release|Any CPU
	EndGlobalSection
	GlobalSection(ProjectConfigurationPlatforms) = postSolution
		{8BC7413C-0FD8-41BE-8A6D-B69580398C07}.Debug|Any CPU.ActiveCfg = Debug|Any CPU
		{8BC7413C-0FD8-41BE-8A6D-B69580398C07}.Debug|Any CPU.Build.0 = Debug|Any CPU
		{8BC7413C-0FD8-41BE-8A6D-B69580398C07}.Release|Any CPU.ActiveCfg = Release|Any CPU
		{8BC7413C-0FD8-41BE-8A6D-B69580398C07}.Release|Any CPU.Build.0 = Release|Any CPU
		{F6485FF7-07CE-4326-84AF-9447141C7E46}.Debug|Any CPU.ActiveCfg = Debug|Any CPU
		{F6485FF7-07CE-4326-84AF-9447141C7E46}.Debug|Any CPU.Build.0 = Debug|Any CPU
		{F6485FF7-07CE-4326-84AF-9447141C7E46}.Release|Any CPU.ActiveCfg = Release|Any CPU
		{F6485FF7-07CE-4326-84AF-9447141C7E46}.Release|Any CPU.Build.0 = Release|Any CPU
		{5E950928-BC14-4B31-89F7-CB23DAF5EA47}.Debug|Any CPU.ActiveCfg = Debug|Any CPU
		{5E950928-BC14-4B31-89F7-CB23DAF5EA47}.Debug|Any CPU.Build.0 = Debug|Any CPU
		{5E950928-BC14-4B31-89F7-CB23DAF5EA47}.Release|Any CPU.ActiveCfg = Release|Any CPU
		{5E950928-BC14-4B31-89F7-CB23DAF5EA47}.Release|Any CPU.Build.0 = Release|Any CPU
		{E136C5BA-14DB-4148-80B6-61500A97066C}.Debug|Any CPU.ActiveCfg = Debug|Any CPU
		{E136C5BA-14DB-4148-80B6-61500A97066C}.Debug|Any CPU.Build.0 = Debug|Any CPU
		{E136C5BA-14DB-4148-80B6-61500A97066C}.Release|Any CPU.ActiveCfg = Release|Any CPU
		{E136C5BA-14DB-4148-80B6-61500A97066C}.Release|Any CPU.Build.0 = Release|Any CPU
		{224A87E3-0160-4A7F-B419-6293FF7513F3}.Debug|Any CPU.ActiveCfg = Debug|Any CPU
		{224A87E3-0160-4A7F-B419-6293FF7513F3}.Debug|Any CPU.Build.0 = Debug|Any CPU
		{224A87E3-0160-4A7F-B419-6293FF7513F3}.Release|Any CPU.ActiveCfg = Release|Any CPU
		{224A87E3-0160-4A7F-B419-6293FF7513F3}.Release|Any CPU.Build.0 = Release|Any CPU
	EndGlobalSection
	GlobalSection(SolutionProperties) = preSolution
		HideSolutionNode = FALSE
	EndGlobalSection
	GlobalSection(ExtensibilityGlobals) = postSolution
		SolutionGuid = {65BFAFCA-7C6D-409B-B715-DA1B7A120DEA}
	EndGlobalSection
EndGlobal
